// !$*UTF8*$!
{
	archiveVersion = 1;
	classes = {
	};
	objectVersion = 56;
	objects = {

/* Begin PBXBuildFile section */
		093E47232BDADB9600C124A4 /* ProfileMainView.swift in Sources */ = {isa = PBXBuildFile; fileRef = 093E47222BDADB9600C124A4 /* ProfileMainView.swift */; };
		093E47252BDAE13D00C124A4 /* PreviewHelper.swift in Sources */ = {isa = PBXBuildFile; fileRef = 093E47242BDAE13D00C124A4 /* PreviewHelper.swift */; };
		093E47272BDAE8C300C124A4 /* ListSectionHeader.swift in Sources */ = {isa = PBXBuildFile; fileRef = 093E47262BDAE8C300C124A4 /* ListSectionHeader.swift */; };
		093E472C2BDAFEB900C124A4 /* NetworkConfiguration.swift in Sources */ = {isa = PBXBuildFile; fileRef = 093E472B2BDAFEB900C124A4 /* NetworkConfiguration.swift */; };
		093E47302BDAFF6B00C124A4 /* RegisterRequest.swift in Sources */ = {isa = PBXBuildFile; fileRef = 093E472F2BDAFF6B00C124A4 /* RegisterRequest.swift */; };
		093E47322BDAFF7300C124A4 /* LoginRequest.swift in Sources */ = {isa = PBXBuildFile; fileRef = 093E47312BDAFF7300C124A4 /* LoginRequest.swift */; };
		093E47342BDB0B8C00C124A4 /* UserMeRequest.swift in Sources */ = {isa = PBXBuildFile; fileRef = 093E47332BDB0B8C00C124A4 /* UserMeRequest.swift */; };
		0991C4102BDC098200BABE7F /* AppViewModel.swift in Sources */ = {isa = PBXBuildFile; fileRef = 0991C40F2BDC098200BABE7F /* AppViewModel.swift */; };
		0991C4142BDC11BD00BABE7F /* ProfileDetailsView.swift in Sources */ = {isa = PBXBuildFile; fileRef = 0991C4132BDC11BD00BABE7F /* ProfileDetailsView.swift */; };
		0991C4162BDC139100BABE7F /* UserUpdateRequest.swift in Sources */ = {isa = PBXBuildFile; fileRef = 0991C4152BDC139100BABE7F /* UserUpdateRequest.swift */; };
		09A236E12BDC430700D54E4C /* ChangePasswordView.swift in Sources */ = {isa = PBXBuildFile; fileRef = 09A236E02BDC430700D54E4C /* ChangePasswordView.swift */; };
		09BA4ACB2BCE8E97004A3C4B /* HomeView.swift in Sources */ = {isa = PBXBuildFile; fileRef = 09BA4ACA2BCE8E97004A3C4B /* HomeView.swift */; };
		09D0E3412BE0425D00C87631 /* ListSectionTextItem.swift in Sources */ = {isa = PBXBuildFile; fileRef = 09D0E3402BE0425D00C87631 /* ListSectionTextItem.swift */; };
		09D0E3432BE044A400C87631 /* BalanceDetailsView.swift in Sources */ = {isa = PBXBuildFile; fileRef = 09D0E3422BE044A400C87631 /* BalanceDetailsView.swift */; };
		09D0E3452BE0456000C87631 /* MapIndicationsView.swift in Sources */ = {isa = PBXBuildFile; fileRef = 09D0E3442BE0456000C87631 /* MapIndicationsView.swift */; };
		09D0E3472BE04DDD00C87631 /* MapUtils.swift in Sources */ = {isa = PBXBuildFile; fileRef = 09D0E3462BE04DDD00C87631 /* MapUtils.swift */; };
		09D0E3492BE04EA000C87631 /* TripListView.swift in Sources */ = {isa = PBXBuildFile; fileRef = 09D0E3482BE04EA000C87631 /* TripListView.swift */; };
		09D556B62BD8EBE2005411D0 /* AppNavigationView.swift in Sources */ = {isa = PBXBuildFile; fileRef = 09D556B52BD8EBE2005411D0 /* AppNavigationView.swift */; };
		09D556BA2BD8ECC2005411D0 /* RequieredFieldsView.swift in Sources */ = {isa = PBXBuildFile; fileRef = 09D556B92BD8ECC2005411D0 /* RequieredFieldsView.swift */; };
		09D556BC2BD8F0EE005411D0 /* Localizable.xcstrings in Resources */ = {isa = PBXBuildFile; fileRef = 09D556BB2BD8F0EE005411D0 /* Localizable.xcstrings */; };
		09D556BE2BD8F862005411D0 /* InputDatePickerView.swift in Sources */ = {isa = PBXBuildFile; fileRef = 09D556BD2BD8F862005411D0 /* InputDatePickerView.swift */; };
		09D556C22BD8FE90005411D0 /* DNIValidator.swift in Sources */ = {isa = PBXBuildFile; fileRef = 09D556C12BD8FE90005411D0 /* DNIValidator.swift */; };
		09D556C62BD91125005411D0 /* AdminMainView.swift in Sources */ = {isa = PBXBuildFile; fileRef = 09D556C52BD91125005411D0 /* AdminMainView.swift */; };
		09D556C82BD91147005411D0 /* ChauffeurDriverMainView.swift in Sources */ = {isa = PBXBuildFile; fileRef = 09D556C72BD91147005411D0 /* ChauffeurDriverMainView.swift */; };
		09D556CA2BD91151005411D0 /* FleetDriverMainView.swift in Sources */ = {isa = PBXBuildFile; fileRef = 09D556C92BD91151005411D0 /* FleetDriverMainView.swift */; };
		09D556CC2BD9126D005411D0 /* DriverMainView.swift in Sources */ = {isa = PBXBuildFile; fileRef = 09D556CB2BD9126D005411D0 /* DriverMainView.swift */; };
		09D556D22BD921DE005411D0 /* MapView.swift in Sources */ = {isa = PBXBuildFile; fileRef = 09D556D12BD921DE005411D0 /* MapView.swift */; };
		09EB70842BE1081E00D15F6A /* TripCardView.swift in Sources */ = {isa = PBXBuildFile; fileRef = 09EB70832BE1081E00D15F6A /* TripCardView.swift */; };
		09EB70862BE1083300D15F6A /* TripDetailsView.swift in Sources */ = {isa = PBXBuildFile; fileRef = 09EB70852BE1083300D15F6A /* TripDetailsView.swift */; };
		09EB70882BE10AD500D15F6A /* TripModel.swift in Sources */ = {isa = PBXBuildFile; fileRef = 09EB70872BE10AD500D15F6A /* TripModel.swift */; };
		09EFCD902BC9B6F600456D29 /* FrontendApp.swift in Sources */ = {isa = PBXBuildFile; fileRef = 09EFCD8F2BC9B6F600456D29 /* FrontendApp.swift */; };
		09EFCD922BC9B6F600456D29 /* ContentView.swift in Sources */ = {isa = PBXBuildFile; fileRef = 09EFCD912BC9B6F600456D29 /* ContentView.swift */; };
		09EFCD942BC9B6F800456D29 /* Assets.xcassets in Resources */ = {isa = PBXBuildFile; fileRef = 09EFCD932BC9B6F800456D29 /* Assets.xcassets */; };
		09EFCDC12BC9C0A500456D29 /* AuthViewModel.swift in Sources */ = {isa = PBXBuildFile; fileRef = 09EFCDC02BC9C0A500456D29 /* AuthViewModel.swift */; };
		09EFCDC32BC9C0D200456D29 /* UserModel.swift in Sources */ = {isa = PBXBuildFile; fileRef = 09EFCDC22BC9C0D200456D29 /* UserModel.swift */; };
		09EFCDC72BC9C1AB00456D29 /* LoginView.swift in Sources */ = {isa = PBXBuildFile; fileRef = 09EFCDC62BC9C1AB00456D29 /* LoginView.swift */; };
		09EFCDC92BC9C1B700456D29 /* RegisterView.swift in Sources */ = {isa = PBXBuildFile; fileRef = 09EFCDC82BC9C1B700456D29 /* RegisterView.swift */; };
		09EFCDCC2BC9C1F700456D29 /* InputFieldView.swift in Sources */ = {isa = PBXBuildFile; fileRef = 09EFCDCB2BC9C1F700456D29 /* InputFieldView.swift */; };
		09EFCDCF2BC9DCAD00456D29 /* MainAppView.swift in Sources */ = {isa = PBXBuildFile; fileRef = 09EFCDCE2BC9DCAD00456D29 /* MainAppView.swift */; };
		09EFCDDB2BCA74AC00456D29 /* Callback.swift in Sources */ = {isa = PBXBuildFile; fileRef = 09EFCDDA2BCA74AC00456D29 /* Callback.swift */; };
		09EFCDEE2BCC562100456D29 /* Alamofire in Frameworks */ = {isa = PBXBuildFile; productRef = 09EFCDED2BCC562100456D29 /* Alamofire */; };
		09EFCDF92BCC669300456D29 /* EmailUtils.swift in Sources */ = {isa = PBXBuildFile; fileRef = 09EFCDF82BCC669300456D29 /* EmailUtils.swift */; };
/* End PBXBuildFile section */

/* Begin PBXCopyFilesBuildPhase section */
		09EFCDDD2BCA7A1800456D29 /* Embed Frameworks */ = {
			isa = PBXCopyFilesBuildPhase;
			buildActionMask = 12;
			dstPath = "";
			dstSubfolderSpec = 10;
			files = (
			);
			name = "Embed Frameworks";
			runOnlyForDeploymentPostprocessing = 0;
		};
/* End PBXCopyFilesBuildPhase section */

/* Begin PBXFileReference section */
		093E47222BDADB9600C124A4 /* ProfileMainView.swift */ = {isa = PBXFileReference; lastKnownFileType = sourcecode.swift; path = ProfileMainView.swift; sourceTree = "<group>"; };
		093E47242BDAE13D00C124A4 /* PreviewHelper.swift */ = {isa = PBXFileReference; lastKnownFileType = sourcecode.swift; path = PreviewHelper.swift; sourceTree = "<group>"; };
		093E47262BDAE8C300C124A4 /* ListSectionHeader.swift */ = {isa = PBXFileReference; lastKnownFileType = sourcecode.swift; path = ListSectionHeader.swift; sourceTree = "<group>"; };
		093E472B2BDAFEB900C124A4 /* NetworkConfiguration.swift */ = {isa = PBXFileReference; lastKnownFileType = sourcecode.swift; path = NetworkConfiguration.swift; sourceTree = "<group>"; };
		093E472F2BDAFF6B00C124A4 /* RegisterRequest.swift */ = {isa = PBXFileReference; lastKnownFileType = sourcecode.swift; path = RegisterRequest.swift; sourceTree = "<group>"; };
		093E47312BDAFF7300C124A4 /* LoginRequest.swift */ = {isa = PBXFileReference; lastKnownFileType = sourcecode.swift; path = LoginRequest.swift; sourceTree = "<group>"; };
		093E47332BDB0B8C00C124A4 /* UserMeRequest.swift */ = {isa = PBXFileReference; lastKnownFileType = sourcecode.swift; path = UserMeRequest.swift; sourceTree = "<group>"; };
		0991C40F2BDC098200BABE7F /* AppViewModel.swift */ = {isa = PBXFileReference; lastKnownFileType = sourcecode.swift; path = AppViewModel.swift; sourceTree = "<group>"; };
		0991C4132BDC11BD00BABE7F /* ProfileDetailsView.swift */ = {isa = PBXFileReference; lastKnownFileType = sourcecode.swift; path = ProfileDetailsView.swift; sourceTree = "<group>"; };
		0991C4152BDC139100BABE7F /* UserUpdateRequest.swift */ = {isa = PBXFileReference; lastKnownFileType = sourcecode.swift; path = UserUpdateRequest.swift; sourceTree = "<group>"; };
		09A236E02BDC430700D54E4C /* ChangePasswordView.swift */ = {isa = PBXFileReference; lastKnownFileType = sourcecode.swift; path = ChangePasswordView.swift; sourceTree = "<group>"; };
		09BA4ACA2BCE8E97004A3C4B /* HomeView.swift */ = {isa = PBXFileReference; lastKnownFileType = sourcecode.swift; path = HomeView.swift; sourceTree = "<group>"; };
		09D0E3402BE0425D00C87631 /* ListSectionTextItem.swift */ = {isa = PBXFileReference; lastKnownFileType = sourcecode.swift; path = ListSectionTextItem.swift; sourceTree = "<group>"; };
		09D0E3422BE044A400C87631 /* BalanceDetailsView.swift */ = {isa = PBXFileReference; lastKnownFileType = sourcecode.swift; path = BalanceDetailsView.swift; sourceTree = "<group>"; };
		09D0E3442BE0456000C87631 /* MapIndicationsView.swift */ = {isa = PBXFileReference; lastKnownFileType = sourcecode.swift; path = MapIndicationsView.swift; sourceTree = "<group>"; };
		09D0E3462BE04DDD00C87631 /* MapUtils.swift */ = {isa = PBXFileReference; lastKnownFileType = sourcecode.swift; path = MapUtils.swift; sourceTree = "<group>"; };
		09D0E3482BE04EA000C87631 /* TripListView.swift */ = {isa = PBXFileReference; lastKnownFileType = sourcecode.swift; path = TripListView.swift; sourceTree = "<group>"; };
		09D556B52BD8EBE2005411D0 /* AppNavigationView.swift */ = {isa = PBXFileReference; lastKnownFileType = sourcecode.swift; path = AppNavigationView.swift; sourceTree = "<group>"; };
		09D556B92BD8ECC2005411D0 /* RequieredFieldsView.swift */ = {isa = PBXFileReference; lastKnownFileType = sourcecode.swift; path = RequieredFieldsView.swift; sourceTree = "<group>"; };
		09D556BB2BD8F0EE005411D0 /* Localizable.xcstrings */ = {isa = PBXFileReference; lastKnownFileType = text.json.xcstrings; path = Localizable.xcstrings; sourceTree = "<group>"; };
		09D556BD2BD8F862005411D0 /* InputDatePickerView.swift */ = {isa = PBXFileReference; lastKnownFileType = sourcecode.swift; path = InputDatePickerView.swift; sourceTree = "<group>"; };
		09D556C12BD8FE90005411D0 /* DNIValidator.swift */ = {isa = PBXFileReference; lastKnownFileType = sourcecode.swift; path = DNIValidator.swift; sourceTree = "<group>"; };
		09D556C52BD91125005411D0 /* AdminMainView.swift */ = {isa = PBXFileReference; lastKnownFileType = sourcecode.swift; path = AdminMainView.swift; sourceTree = "<group>"; };
		09D556C72BD91147005411D0 /* ChauffeurDriverMainView.swift */ = {isa = PBXFileReference; lastKnownFileType = sourcecode.swift; path = ChauffeurDriverMainView.swift; sourceTree = "<group>"; };
		09D556C92BD91151005411D0 /* FleetDriverMainView.swift */ = {isa = PBXFileReference; lastKnownFileType = sourcecode.swift; path = FleetDriverMainView.swift; sourceTree = "<group>"; };
		09D556CB2BD9126D005411D0 /* DriverMainView.swift */ = {isa = PBXFileReference; lastKnownFileType = sourcecode.swift; path = DriverMainView.swift; sourceTree = "<group>"; };
		09D556D12BD921DE005411D0 /* MapView.swift */ = {isa = PBXFileReference; lastKnownFileType = sourcecode.swift; path = MapView.swift; sourceTree = "<group>"; };
		09EB70832BE1081E00D15F6A /* TripCardView.swift */ = {isa = PBXFileReference; lastKnownFileType = sourcecode.swift; path = TripCardView.swift; sourceTree = "<group>"; };
		09EB70852BE1083300D15F6A /* TripDetailsView.swift */ = {isa = PBXFileReference; lastKnownFileType = sourcecode.swift; path = TripDetailsView.swift; sourceTree = "<group>"; };
		09EB70872BE10AD500D15F6A /* TripModel.swift */ = {isa = PBXFileReference; lastKnownFileType = sourcecode.swift; path = TripModel.swift; sourceTree = "<group>"; };
		09EFCD8C2BC9B6F600456D29 /* Frontend.app */ = {isa = PBXFileReference; explicitFileType = wrapper.application; includeInIndex = 0; path = Frontend.app; sourceTree = BUILT_PRODUCTS_DIR; };
		09EFCD8F2BC9B6F600456D29 /* FrontendApp.swift */ = {isa = PBXFileReference; lastKnownFileType = sourcecode.swift; path = FrontendApp.swift; sourceTree = "<group>"; };
		09EFCD912BC9B6F600456D29 /* ContentView.swift */ = {isa = PBXFileReference; lastKnownFileType = sourcecode.swift; path = ContentView.swift; sourceTree = "<group>"; };
		09EFCD932BC9B6F800456D29 /* Assets.xcassets */ = {isa = PBXFileReference; lastKnownFileType = folder.assetcatalog; path = Assets.xcassets; sourceTree = "<group>"; };
		09EFCDC02BC9C0A500456D29 /* AuthViewModel.swift */ = {isa = PBXFileReference; lastKnownFileType = sourcecode.swift; path = AuthViewModel.swift; sourceTree = "<group>"; };
		09EFCDC22BC9C0D200456D29 /* UserModel.swift */ = {isa = PBXFileReference; lastKnownFileType = sourcecode.swift; path = UserModel.swift; sourceTree = "<group>"; };
		09EFCDC62BC9C1AB00456D29 /* LoginView.swift */ = {isa = PBXFileReference; lastKnownFileType = sourcecode.swift; path = LoginView.swift; sourceTree = "<group>"; };
		09EFCDC82BC9C1B700456D29 /* RegisterView.swift */ = {isa = PBXFileReference; lastKnownFileType = sourcecode.swift; path = RegisterView.swift; sourceTree = "<group>"; };
		09EFCDCB2BC9C1F700456D29 /* InputFieldView.swift */ = {isa = PBXFileReference; lastKnownFileType = sourcecode.swift; path = InputFieldView.swift; sourceTree = "<group>"; };
		09EFCDCE2BC9DCAD00456D29 /* MainAppView.swift */ = {isa = PBXFileReference; lastKnownFileType = sourcecode.swift; path = MainAppView.swift; sourceTree = "<group>"; };
		09EFCDDA2BCA74AC00456D29 /* Callback.swift */ = {isa = PBXFileReference; lastKnownFileType = sourcecode.swift; path = Callback.swift; sourceTree = "<group>"; };
		09EFCDDF2BCA7AB500456D29 /* Info.plist */ = {isa = PBXFileReference; lastKnownFileType = text.plist; path = Info.plist; sourceTree = "<group>"; };
		09EFCDF82BCC669300456D29 /* EmailUtils.swift */ = {isa = PBXFileReference; lastKnownFileType = sourcecode.swift; path = EmailUtils.swift; sourceTree = "<group>"; };
/* End PBXFileReference section */

/* Begin PBXFrameworksBuildPhase section */
		09EFCD892BC9B6F600456D29 /* Frameworks */ = {
			isa = PBXFrameworksBuildPhase;
			buildActionMask = 2147483647;
			files = (
				09EFCDEE2BCC562100456D29 /* Alamofire in Frameworks */,
			);
			runOnlyForDeploymentPostprocessing = 0;
		};
/* End PBXFrameworksBuildPhase section */

/* Begin PBXGroup section */
		093E47212BDADB7C00C124A4 /* Profile */ = {
			isa = PBXGroup;
			children = (
				09A236E22BDC43DC00D54E4C /* Info */,
				0991C4122BDC11AA00BABE7F /* Settings */,
				0991C4112BDC119B00BABE7F /* Details */,
				093E47222BDADB9600C124A4 /* ProfileMainView.swift */,
			);
			path = Profile;
			sourceTree = "<group>";
		};
		093E47282BDAE94400C124A4 /* List */ = {
			isa = PBXGroup;
			children = (
				093E47262BDAE8C300C124A4 /* ListSectionHeader.swift */,
				09D0E3402BE0425D00C87631 /* ListSectionTextItem.swift */,
			);
			path = List;
			sourceTree = "<group>";
		};
		093E47292BDAE94900C124A4 /* Input */ = {
			isa = PBXGroup;
			children = (
				09EFCDCB2BC9C1F700456D29 /* InputFieldView.swift */,
				09D556BD2BD8F862005411D0 /* InputDatePickerView.swift */,
			);
			path = Input;
			sourceTree = "<group>";
		};
		093E472A2BDAFBB700C124A4 /* Network */ = {
			isa = PBXGroup;
			children = (
				093E472E2BDAFF6000C124A4 /* Authentication */,
				093E472D2BDAFF5C00C124A4 /* User */,
				093E472B2BDAFEB900C124A4 /* NetworkConfiguration.swift */,
			);
			path = Network;
			sourceTree = "<group>";
		};
		093E472D2BDAFF5C00C124A4 /* User */ = {
			isa = PBXGroup;
			children = (
				093E47332BDB0B8C00C124A4 /* UserMeRequest.swift */,
				0991C4152BDC139100BABE7F /* UserUpdateRequest.swift */,
			);
			path = User;
			sourceTree = "<group>";
		};
		093E472E2BDAFF6000C124A4 /* Authentication */ = {
			isa = PBXGroup;
			children = (
				093E472F2BDAFF6B00C124A4 /* RegisterRequest.swift */,
				093E47312BDAFF7300C124A4 /* LoginRequest.swift */,
			);
			path = Authentication;
			sourceTree = "<group>";
		};
		0991C40E2BDC094D00BABE7F /* Model */ = {
			isa = PBXGroup;
			children = (
				0991C40F2BDC098200BABE7F /* AppViewModel.swift */,
			);
			path = Model;
			sourceTree = "<group>";
		};
		0991C4112BDC119B00BABE7F /* Details */ = {
			isa = PBXGroup;
			children = (
				0991C4132BDC11BD00BABE7F /* ProfileDetailsView.swift */,
			);
			path = Details;
			sourceTree = "<group>";
		};
		0991C4122BDC11AA00BABE7F /* Settings */ = {
			isa = PBXGroup;
			children = (
				09A236E02BDC430700D54E4C /* ChangePasswordView.swift */,
			);
			path = Settings;
			sourceTree = "<group>";
		};
		09A236E22BDC43DC00D54E4C /* Info */ = {
			isa = PBXGroup;
			children = (
				09EB70822BE1080000D15F6A /* Trip */,
				09D0E3422BE044A400C87631 /* BalanceDetailsView.swift */,
			);
			path = Info;
			sourceTree = "<group>";
		};
		09D556B42BD8EBB9005411D0 /* Navigation */ = {
			isa = PBXGroup;
			children = (
				09D556C42BD910CC005411D0 /* Driver */,
				09D556C32BD910C1005411D0 /* Admin */,
				09D556B72BD8EC42005411D0 /* Home */,
				09D556B52BD8EBE2005411D0 /* AppNavigationView.swift */,
			);
			path = Navigation;
			sourceTree = "<group>";
		};
		09D556B72BD8EC42005411D0 /* Home */ = {
			isa = PBXGroup;
			children = (
				09BA4ACA2BCE8E97004A3C4B /* HomeView.swift */,
			);
			path = Home;
			sourceTree = "<group>";
		};
		09D556B82BD8EC9A005411D0 /* Misc */ = {
			isa = PBXGroup;
			children = (
				09D556B92BD8ECC2005411D0 /* RequieredFieldsView.swift */,
			);
			path = Misc;
			sourceTree = "<group>";
		};
		09D556C32BD910C1005411D0 /* Admin */ = {
			isa = PBXGroup;
			children = (
				09D556C52BD91125005411D0 /* AdminMainView.swift */,
			);
			path = Admin;
			sourceTree = "<group>";
		};
		09D556C42BD910CC005411D0 /* Driver */ = {
			isa = PBXGroup;
			children = (
				09D556CF2BD91327005411D0 /* Chauffeur */,
				09D556CE2BD9131D005411D0 /* Fleet */,
				09D556CB2BD9126D005411D0 /* DriverMainView.swift */,
			);
			path = Driver;
			sourceTree = "<group>";
		};
		09D556CE2BD9131D005411D0 /* Fleet */ = {
			isa = PBXGroup;
			children = (
				09D556C92BD91151005411D0 /* FleetDriverMainView.swift */,
			);
			path = Fleet;
			sourceTree = "<group>";
		};
		09D556CF2BD91327005411D0 /* Chauffeur */ = {
			isa = PBXGroup;
			children = (
				09D556C72BD91147005411D0 /* ChauffeurDriverMainView.swift */,
			);
			path = Chauffeur;
			sourceTree = "<group>";
		};
		09D556D02BD921C9005411D0 /* Map */ = {
			isa = PBXGroup;
			children = (
				09D556D12BD921DE005411D0 /* MapView.swift */,
				09D0E3442BE0456000C87631 /* MapIndicationsView.swift */,
			);
			path = Map;
			sourceTree = "<group>";
		};
		09EB70822BE1080000D15F6A /* Trip */ = {
			isa = PBXGroup;
			children = (
				09D0E3482BE04EA000C87631 /* TripListView.swift */,
				09EB70832BE1081E00D15F6A /* TripCardView.swift */,
				09EB70852BE1083300D15F6A /* TripDetailsView.swift */,
			);
			path = Trip;
			sourceTree = "<group>";
		};
		09EFCD832BC9B6F600456D29 = {
			isa = PBXGroup;
			children = (
				09EFCD8E2BC9B6F600456D29 /* Frontend */,
				09D556BB2BD8F0EE005411D0 /* Localizable.xcstrings */,
				09EFCD8D2BC9B6F600456D29 /* Products */,
				09EFCDDE2BCA7A5B00456D29 /* Frameworks */,
			);
			sourceTree = "<group>";
		};
		09EFCD8D2BC9B6F600456D29 /* Products */ = {
			isa = PBXGroup;
			children = (
				09EFCD8C2BC9B6F600456D29 /* Frontend.app */,
			);
			name = Products;
			sourceTree = "<group>";
		};
		09EFCD8E2BC9B6F600456D29 /* Frontend */ = {
			isa = PBXGroup;
			children = (
				09EFCDDF2BCA7AB500456D29 /* Info.plist */,
				093E472A2BDAFBB700C124A4 /* Network */,
				09EFCDA12BC9BA5400456D29 /* Views */,
				09EFCDA02BC9BA4C00456D29 /* Models */,
				09EFCDD92BCA74A100456D29 /* Utils */,
				09EFCD8F2BC9B6F600456D29 /* FrontendApp.swift */,
				09EFCD932BC9B6F800456D29 /* Assets.xcassets */,
			);
			path = Frontend;
			sourceTree = "<group>";
		};
		09EFCDA02BC9BA4C00456D29 /* Models */ = {
			isa = PBXGroup;
			children = (
				09EFCDC22BC9C0D200456D29 /* UserModel.swift */,
				09EB70872BE10AD500D15F6A /* TripModel.swift */,
			);
			path = Models;
			sourceTree = "<group>";
		};
		09EFCDA12BC9BA5400456D29 /* Views */ = {
			isa = PBXGroup;
			children = (
				09EFCDCD2BC9DC9B00456D29 /* MainApp */,
				09EFCDBA2BC9C05800456D29 /* Auth */,
				09EFCDCA2BC9C1CE00456D29 /* Helper */,
				09EFCD912BC9B6F600456D29 /* ContentView.swift */,
			);
			path = Views;
			sourceTree = "<group>";
		};
		09EFCDBA2BC9C05800456D29 /* Auth */ = {
			isa = PBXGroup;
			children = (
				09EFCDBC2BC9C06F00456D29 /* Login */,
				09EFCDBD2BC9C07B00456D29 /* Register */,
				09EFCDBB2BC9C06200456D29 /* Model */,
			);
			path = Auth;
			sourceTree = "<group>";
		};
		09EFCDBB2BC9C06200456D29 /* Model */ = {
			isa = PBXGroup;
			children = (
				09EFCDC02BC9C0A500456D29 /* AuthViewModel.swift */,
			);
			path = Model;
			sourceTree = "<group>";
		};
		09EFCDBC2BC9C06F00456D29 /* Login */ = {
			isa = PBXGroup;
			children = (
				09EFCDC62BC9C1AB00456D29 /* LoginView.swift */,
			);
			path = Login;
			sourceTree = "<group>";
		};
		09EFCDBD2BC9C07B00456D29 /* Register */ = {
			isa = PBXGroup;
			children = (
				09EFCDC82BC9C1B700456D29 /* RegisterView.swift */,
			);
			path = Register;
			sourceTree = "<group>";
		};
		09EFCDCA2BC9C1CE00456D29 /* Helper */ = {
			isa = PBXGroup;
			children = (
				093E47292BDAE94900C124A4 /* Input */,
				093E47282BDAE94400C124A4 /* List */,
				09D556D02BD921C9005411D0 /* Map */,
			);
			path = Helper;
			sourceTree = "<group>";
		};
		09EFCDCD2BC9DC9B00456D29 /* MainApp */ = {
			isa = PBXGroup;
			children = (
				09EFCDCE2BC9DCAD00456D29 /* MainAppView.swift */,
				093E47212BDADB7C00C124A4 /* Profile */,
				09D556B42BD8EBB9005411D0 /* Navigation */,
				09D556B82BD8EC9A005411D0 /* Misc */,
				0991C40E2BDC094D00BABE7F /* Model */,
			);
			path = MainApp;
			sourceTree = "<group>";
		};
		09EFCDD92BCA74A100456D29 /* Utils */ = {
			isa = PBXGroup;
			children = (
				09EFCDDA2BCA74AC00456D29 /* Callback.swift */,
				09EFCDF82BCC669300456D29 /* EmailUtils.swift */,
				09D556C12BD8FE90005411D0 /* DNIValidator.swift */,
				093E47242BDAE13D00C124A4 /* PreviewHelper.swift */,
				09D0E3462BE04DDD00C87631 /* MapUtils.swift */,
			);
			path = Utils;
			sourceTree = "<group>";
		};
		09EFCDDE2BCA7A5B00456D29 /* Frameworks */ = {
			isa = PBXGroup;
			children = (
			);
			name = Frameworks;
			sourceTree = "<group>";
		};
/* End PBXGroup section */

/* Begin PBXNativeTarget section */
		09EFCD8B2BC9B6F600456D29 /* Frontend */ = {
			isa = PBXNativeTarget;
			buildConfigurationList = 09EFCD9A2BC9B6F800456D29 /* Build configuration list for PBXNativeTarget "Frontend" */;
			buildPhases = (
				09EFCD882BC9B6F600456D29 /* Sources */,
				09EFCD892BC9B6F600456D29 /* Frameworks */,
				09EFCD8A2BC9B6F600456D29 /* Resources */,
				09EFCDDD2BCA7A1800456D29 /* Embed Frameworks */,
			);
			buildRules = (
			);
			dependencies = (
			);
			name = Frontend;
			packageProductDependencies = (
				09EFCDED2BCC562100456D29 /* Alamofire */,
			);
			productName = Frontend;
			productReference = 09EFCD8C2BC9B6F600456D29 /* Frontend.app */;
			productType = "com.apple.product-type.application";
		};
/* End PBXNativeTarget section */

/* Begin PBXProject section */
		09EFCD842BC9B6F600456D29 /* Project object */ = {
			isa = PBXProject;
			attributes = {
				BuildIndependentTargetsInParallel = 1;
				LastSwiftUpdateCheck = 1530;
				LastUpgradeCheck = 1530;
				TargetAttributes = {
					09EFCD8B2BC9B6F600456D29 = {
						CreatedOnToolsVersion = 15.3;
					};
				};
			};
			buildConfigurationList = 09EFCD872BC9B6F600456D29 /* Build configuration list for PBXProject "Frontend" */;
			compatibilityVersion = "Xcode 14.0";
			developmentRegion = es;
			hasScannedForEncodings = 0;
			knownRegions = (
				en,
				Base,
				es,
			);
			mainGroup = 09EFCD832BC9B6F600456D29;
			packageReferences = (
				09EFCDEC2BCC562100456D29 /* XCRemoteSwiftPackageReference "Alamofire" */,
			);
			productRefGroup = 09EFCD8D2BC9B6F600456D29 /* Products */;
			projectDirPath = "";
			projectRoot = "";
			targets = (
				09EFCD8B2BC9B6F600456D29 /* Frontend */,
			);
		};
/* End PBXProject section */

/* Begin PBXResourcesBuildPhase section */
		09EFCD8A2BC9B6F600456D29 /* Resources */ = {
			isa = PBXResourcesBuildPhase;
			buildActionMask = 2147483647;
			files = (
				09EFCD942BC9B6F800456D29 /* Assets.xcassets in Resources */,
				09D556BC2BD8F0EE005411D0 /* Localizable.xcstrings in Resources */,
			);
			runOnlyForDeploymentPostprocessing = 0;
		};
/* End PBXResourcesBuildPhase section */

/* Begin PBXSourcesBuildPhase section */
		09EFCD882BC9B6F600456D29 /* Sources */ = {
			isa = PBXSourcesBuildPhase;
			buildActionMask = 2147483647;
			files = (
				09EB70862BE1083300D15F6A /* TripDetailsView.swift in Sources */,
				093E47322BDAFF7300C124A4 /* LoginRequest.swift in Sources */,
				09EFCDCC2BC9C1F700456D29 /* InputFieldView.swift in Sources */,
				093E472C2BDAFEB900C124A4 /* NetworkConfiguration.swift in Sources */,
				09EFCDCF2BC9DCAD00456D29 /* MainAppView.swift in Sources */,
				09EFCDC12BC9C0A500456D29 /* AuthViewModel.swift in Sources */,
				09EFCD922BC9B6F600456D29 /* ContentView.swift in Sources */,
				09EB70842BE1081E00D15F6A /* TripCardView.swift in Sources */,
				093E47302BDAFF6B00C124A4 /* RegisterRequest.swift in Sources */,
				09D556B62BD8EBE2005411D0 /* AppNavigationView.swift in Sources */,
				09D556BA2BD8ECC2005411D0 /* RequieredFieldsView.swift in Sources */,
				09D556D22BD921DE005411D0 /* MapView.swift in Sources */,
				093E47252BDAE13D00C124A4 /* PreviewHelper.swift in Sources */,
				0991C4102BDC098200BABE7F /* AppViewModel.swift in Sources */,
				09D556BE2BD8F862005411D0 /* InputDatePickerView.swift in Sources */,
				09D556C62BD91125005411D0 /* AdminMainView.swift in Sources */,
				09EFCDDB2BCA74AC00456D29 /* Callback.swift in Sources */,
				09D0E3492BE04EA000C87631 /* TripListView.swift in Sources */,
				0991C4162BDC139100BABE7F /* UserUpdateRequest.swift in Sources */,
				09D556CA2BD91151005411D0 /* FleetDriverMainView.swift in Sources */,
				09EFCDF92BCC669300456D29 /* EmailUtils.swift in Sources */,
				093E47232BDADB9600C124A4 /* ProfileMainView.swift in Sources */,
				09D556C82BD91147005411D0 /* ChauffeurDriverMainView.swift in Sources */,
				09D0E3432BE044A400C87631 /* BalanceDetailsView.swift in Sources */,
				093E47272BDAE8C300C124A4 /* ListSectionHeader.swift in Sources */,
				0991C4142BDC11BD00BABE7F /* ProfileDetailsView.swift in Sources */,
				09EB70882BE10AD500D15F6A /* TripModel.swift in Sources */,
				09D0E3472BE04DDD00C87631 /* MapUtils.swift in Sources */,
				09A236E12BDC430700D54E4C /* ChangePasswordView.swift in Sources */,
				093E47342BDB0B8C00C124A4 /* UserMeRequest.swift in Sources */,
				09EFCDC92BC9C1B700456D29 /* RegisterView.swift in Sources */,
				09D0E3412BE0425D00C87631 /* ListSectionTextItem.swift in Sources */,
				09EFCDC72BC9C1AB00456D29 /* LoginView.swift in Sources */,
				09D556CC2BD9126D005411D0 /* DriverMainView.swift in Sources */,
				09BA4ACB2BCE8E97004A3C4B /* HomeView.swift in Sources */,
				09EFCD902BC9B6F600456D29 /* FrontendApp.swift in Sources */,
				09D0E3452BE0456000C87631 /* MapIndicationsView.swift in Sources */,
				09D556C22BD8FE90005411D0 /* DNIValidator.swift in Sources */,
				09EFCDC32BC9C0D200456D29 /* UserModel.swift in Sources */,
			);
			runOnlyForDeploymentPostprocessing = 0;
		};
/* End PBXSourcesBuildPhase section */

/* Begin XCBuildConfiguration section */
		09EFCD982BC9B6F800456D29 /* Debug */ = {
			isa = XCBuildConfiguration;
			buildSettings = {
				ALWAYS_SEARCH_USER_PATHS = NO;
				ASSETCATALOG_COMPILER_GENERATE_SWIFT_ASSET_SYMBOL_EXTENSIONS = YES;
				CLANG_ANALYZER_NONNULL = YES;
				CLANG_ANALYZER_NUMBER_OBJECT_CONVERSION = YES_AGGRESSIVE;
				CLANG_CXX_LANGUAGE_STANDARD = "gnu++20";
				CLANG_ENABLE_MODULES = YES;
				CLANG_ENABLE_OBJC_ARC = YES;
				CLANG_ENABLE_OBJC_WEAK = YES;
				CLANG_WARN_BLOCK_CAPTURE_AUTORELEASING = YES;
				CLANG_WARN_BOOL_CONVERSION = YES;
				CLANG_WARN_COMMA = YES;
				CLANG_WARN_CONSTANT_CONVERSION = YES;
				CLANG_WARN_DEPRECATED_OBJC_IMPLEMENTATIONS = YES;
				CLANG_WARN_DIRECT_OBJC_ISA_USAGE = YES_ERROR;
				CLANG_WARN_DOCUMENTATION_COMMENTS = YES;
				CLANG_WARN_EMPTY_BODY = YES;
				CLANG_WARN_ENUM_CONVERSION = YES;
				CLANG_WARN_INFINITE_RECURSION = YES;
				CLANG_WARN_INT_CONVERSION = YES;
				CLANG_WARN_NON_LITERAL_NULL_CONVERSION = YES;
				CLANG_WARN_OBJC_IMPLICIT_RETAIN_SELF = YES;
				CLANG_WARN_OBJC_LITERAL_CONVERSION = YES;
				CLANG_WARN_OBJC_ROOT_CLASS = YES_ERROR;
				CLANG_WARN_QUOTED_INCLUDE_IN_FRAMEWORK_HEADER = YES;
				CLANG_WARN_RANGE_LOOP_ANALYSIS = YES;
				CLANG_WARN_STRICT_PROTOTYPES = YES;
				CLANG_WARN_SUSPICIOUS_MOVE = YES;
				CLANG_WARN_UNGUARDED_AVAILABILITY = YES_AGGRESSIVE;
				CLANG_WARN_UNREACHABLE_CODE = YES;
				CLANG_WARN__DUPLICATE_METHOD_MATCH = YES;
				COPY_PHASE_STRIP = NO;
				DEBUG_INFORMATION_FORMAT = dwarf;
				ENABLE_STRICT_OBJC_MSGSEND = YES;
				ENABLE_TESTABILITY = YES;
				ENABLE_USER_SCRIPT_SANDBOXING = YES;
				GCC_C_LANGUAGE_STANDARD = gnu17;
				GCC_DYNAMIC_NO_PIC = NO;
				GCC_NO_COMMON_BLOCKS = YES;
				GCC_OPTIMIZATION_LEVEL = 0;
				GCC_PREPROCESSOR_DEFINITIONS = (
					"DEBUG=1",
					"$(inherited)",
				);
				GCC_WARN_64_TO_32_BIT_CONVERSION = YES;
				GCC_WARN_ABOUT_RETURN_TYPE = YES_ERROR;
				GCC_WARN_UNDECLARED_SELECTOR = YES;
				GCC_WARN_UNINITIALIZED_AUTOS = YES_AGGRESSIVE;
				GCC_WARN_UNUSED_FUNCTION = YES;
				GCC_WARN_UNUSED_VARIABLE = YES;
				IPHONEOS_DEPLOYMENT_TARGET = 17.4;
				LOCALIZATION_PREFERS_STRING_CATALOGS = YES;
				MTL_ENABLE_DEBUG_INFO = INCLUDE_SOURCE;
				MTL_FAST_MATH = YES;
				ONLY_ACTIVE_ARCH = YES;
				SDKROOT = iphoneos;
				SWIFT_ACTIVE_COMPILATION_CONDITIONS = "DEBUG $(inherited)";
				SWIFT_OPTIMIZATION_LEVEL = "-Onone";
			};
			name = Debug;
		};
		09EFCD992BC9B6F800456D29 /* Release */ = {
			isa = XCBuildConfiguration;
			buildSettings = {
				ALWAYS_SEARCH_USER_PATHS = NO;
				ASSETCATALOG_COMPILER_GENERATE_SWIFT_ASSET_SYMBOL_EXTENSIONS = YES;
				CLANG_ANALYZER_NONNULL = YES;
				CLANG_ANALYZER_NUMBER_OBJECT_CONVERSION = YES_AGGRESSIVE;
				CLANG_CXX_LANGUAGE_STANDARD = "gnu++20";
				CLANG_ENABLE_MODULES = YES;
				CLANG_ENABLE_OBJC_ARC = YES;
				CLANG_ENABLE_OBJC_WEAK = YES;
				CLANG_WARN_BLOCK_CAPTURE_AUTORELEASING = YES;
				CLANG_WARN_BOOL_CONVERSION = YES;
				CLANG_WARN_COMMA = YES;
				CLANG_WARN_CONSTANT_CONVERSION = YES;
				CLANG_WARN_DEPRECATED_OBJC_IMPLEMENTATIONS = YES;
				CLANG_WARN_DIRECT_OBJC_ISA_USAGE = YES_ERROR;
				CLANG_WARN_DOCUMENTATION_COMMENTS = YES;
				CLANG_WARN_EMPTY_BODY = YES;
				CLANG_WARN_ENUM_CONVERSION = YES;
				CLANG_WARN_INFINITE_RECURSION = YES;
				CLANG_WARN_INT_CONVERSION = YES;
				CLANG_WARN_NON_LITERAL_NULL_CONVERSION = YES;
				CLANG_WARN_OBJC_IMPLICIT_RETAIN_SELF = YES;
				CLANG_WARN_OBJC_LITERAL_CONVERSION = YES;
				CLANG_WARN_OBJC_ROOT_CLASS = YES_ERROR;
				CLANG_WARN_QUOTED_INCLUDE_IN_FRAMEWORK_HEADER = YES;
				CLANG_WARN_RANGE_LOOP_ANALYSIS = YES;
				CLANG_WARN_STRICT_PROTOTYPES = YES;
				CLANG_WARN_SUSPICIOUS_MOVE = YES;
				CLANG_WARN_UNGUARDED_AVAILABILITY = YES_AGGRESSIVE;
				CLANG_WARN_UNREACHABLE_CODE = YES;
				CLANG_WARN__DUPLICATE_METHOD_MATCH = YES;
				COPY_PHASE_STRIP = NO;
				DEBUG_INFORMATION_FORMAT = "dwarf-with-dsym";
				ENABLE_NS_ASSERTIONS = NO;
				ENABLE_STRICT_OBJC_MSGSEND = YES;
				ENABLE_USER_SCRIPT_SANDBOXING = YES;
				GCC_C_LANGUAGE_STANDARD = gnu17;
				GCC_NO_COMMON_BLOCKS = YES;
				GCC_WARN_64_TO_32_BIT_CONVERSION = YES;
				GCC_WARN_ABOUT_RETURN_TYPE = YES_ERROR;
				GCC_WARN_UNDECLARED_SELECTOR = YES;
				GCC_WARN_UNINITIALIZED_AUTOS = YES_AGGRESSIVE;
				GCC_WARN_UNUSED_FUNCTION = YES;
				GCC_WARN_UNUSED_VARIABLE = YES;
				IPHONEOS_DEPLOYMENT_TARGET = 17.4;
				LOCALIZATION_PREFERS_STRING_CATALOGS = YES;
				MTL_ENABLE_DEBUG_INFO = NO;
				MTL_FAST_MATH = YES;
				SDKROOT = iphoneos;
				SWIFT_COMPILATION_MODE = wholemodule;
				VALIDATE_PRODUCT = YES;
			};
			name = Release;
		};
		09EFCD9B2BC9B6F800456D29 /* Debug */ = {
			isa = XCBuildConfiguration;
			buildSettings = {
				ASSETCATALOG_COMPILER_APPICON_NAME = AppIcon;
				ASSETCATALOG_COMPILER_GLOBAL_ACCENT_COLOR_NAME = AccentColor;
				ASSETCATALOG_COMPILER_INCLUDE_ALL_APPICON_ASSETS = YES;
				CODE_SIGN_IDENTITY = "Apple Development";
				CODE_SIGN_STYLE = Automatic;
				CURRENT_PROJECT_VERSION = 2;
				DEVELOPMENT_ASSET_PATHS = "";
				DEVELOPMENT_TEAM = KZX8AFRF93;
				ENABLE_PREVIEWS = YES;
				GENERATE_INFOPLIST_FILE = YES;
				INFOPLIST_FILE = Frontend/Info.plist;
				INFOPLIST_KEY_CFBundleDisplayName = DriveHub;
				INFOPLIST_KEY_NSLocationWhenInUseUsageDescription = "La localización se usa para saber el lugar al cual se enviará el vehiculo.";
				INFOPLIST_KEY_UIApplicationSceneManifest_Generation = YES;
				INFOPLIST_KEY_UIApplicationSupportsIndirectInputEvents = YES;
				INFOPLIST_KEY_UILaunchScreen_Generation = YES;
				INFOPLIST_KEY_UIStatusBarStyle = "";
				INFOPLIST_KEY_UISupportedInterfaceOrientations = UIInterfaceOrientationPortrait;
				INFOPLIST_KEY_UISupportedInterfaceOrientations_iPad = "UIInterfaceOrientationPortrait UIInterfaceOrientationPortraitUpsideDown";
				IPHONEOS_DEPLOYMENT_TARGET = 17.0;
				LD_RUNPATH_SEARCH_PATHS = (
					"$(inherited)",
					"@executable_path/Frameworks",
				);
				MARKETING_VERSION = 1.0;
				PRODUCT_BUNDLE_IDENTIFIER = es.iesmm.proyecto.drivehub.Frontend;
				PRODUCT_NAME = "$(TARGET_NAME)";
				PROVISIONING_PROFILE_SPECIFIER = "";
				SWIFT_EMIT_LOC_STRINGS = YES;
				SWIFT_VERSION = 5.0;
				TARGETED_DEVICE_FAMILY = "1,2";
			};
			name = Debug;
		};
		09EFCD9C2BC9B6F800456D29 /* Release */ = {
			isa = XCBuildConfiguration;
			buildSettings = {
				ASSETCATALOG_COMPILER_APPICON_NAME = AppIcon;
				ASSETCATALOG_COMPILER_GLOBAL_ACCENT_COLOR_NAME = AccentColor;
				ASSETCATALOG_COMPILER_INCLUDE_ALL_APPICON_ASSETS = YES;
				CODE_SIGN_IDENTITY = "Apple Development";
				CODE_SIGN_STYLE = Automatic;
				CURRENT_PROJECT_VERSION = 2;
				DEVELOPMENT_ASSET_PATHS = "";
				DEVELOPMENT_TEAM = KZX8AFRF93;
				ENABLE_PREVIEWS = YES;
				GENERATE_INFOPLIST_FILE = YES;
				INFOPLIST_FILE = Frontend/Info.plist;
				INFOPLIST_KEY_CFBundleDisplayName = DriveHub;
				INFOPLIST_KEY_NSLocationWhenInUseUsageDescription = "La localización se usa para saber el lugar al cual se enviará el vehiculo.";
				INFOPLIST_KEY_UIApplicationSceneManifest_Generation = YES;
				INFOPLIST_KEY_UIApplicationSupportsIndirectInputEvents = YES;
				INFOPLIST_KEY_UILaunchScreen_Generation = YES;
				INFOPLIST_KEY_UIStatusBarStyle = "";
				INFOPLIST_KEY_UISupportedInterfaceOrientations = UIInterfaceOrientationPortrait;
				INFOPLIST_KEY_UISupportedInterfaceOrientations_iPad = "UIInterfaceOrientationPortrait UIInterfaceOrientationPortraitUpsideDown";
				IPHONEOS_DEPLOYMENT_TARGET = 17.0;
				LD_RUNPATH_SEARCH_PATHS = (
					"$(inherited)",
					"@executable_path/Frameworks",
				);
				MARKETING_VERSION = 1.0;
				PRODUCT_BUNDLE_IDENTIFIER = es.iesmm.proyecto.drivehub.Frontend;
				PRODUCT_NAME = "$(TARGET_NAME)";
				PROVISIONING_PROFILE_SPECIFIER = "";
				SWIFT_EMIT_LOC_STRINGS = YES;
				SWIFT_VERSION = 5.0;
				TARGETED_DEVICE_FAMILY = "1,2";
			};
			name = Release;
		};
/* End XCBuildConfiguration section */

/* Begin XCConfigurationList section */
		09EFCD872BC9B6F600456D29 /* Build configuration list for PBXProject "Frontend" */ = {
			isa = XCConfigurationList;
			buildConfigurations = (
				09EFCD982BC9B6F800456D29 /* Debug */,
				09EFCD992BC9B6F800456D29 /* Release */,
			);
			defaultConfigurationIsVisible = 0;
			defaultConfigurationName = Release;
		};
		09EFCD9A2BC9B6F800456D29 /* Build configuration list for PBXNativeTarget "Frontend" */ = {
			isa = XCConfigurationList;
			buildConfigurations = (
				09EFCD9B2BC9B6F800456D29 /* Debug */,
				09EFCD9C2BC9B6F800456D29 /* Release */,
			);
			defaultConfigurationIsVisible = 0;
			defaultConfigurationName = Release;
		};
/* End XCConfigurationList section */

/* Begin XCRemoteSwiftPackageReference section */
		09EFCDEC2BCC562100456D29 /* XCRemoteSwiftPackageReference "Alamofire" */ = {
			isa = XCRemoteSwiftPackageReference;
			repositoryURL = "https://github.com/Alamofire/Alamofire";
			requirement = {
				kind = exactVersion;
				version = 5.9.1;
			};
		};
/* End XCRemoteSwiftPackageReference section */

/* Begin XCSwiftPackageProductDependency section */
		09EFCDED2BCC562100456D29 /* Alamofire */ = {
			isa = XCSwiftPackageProductDependency;
			package = 09EFCDEC2BCC562100456D29 /* XCRemoteSwiftPackageReference "Alamofire" */;
			productName = Alamofire;
		};
/* End XCSwiftPackageProductDependency section */
	};
	rootObject = 09EFCD842BC9B6F600456D29 /* Project object */;
}
