{
  "originHash" : "ebaedc10d3767570403db79e79c2916acb328d5be6f52382622d5895ed1cff56",
  "pins" : [
    {
      "identity" : "alamofire",
      "kind" : "remoteSourceControl",
      "location" : "https://github.com/Alamofire/Alamofire",
      "state" : {
        "revision" : "f455c2975872ccd2d9c81594c658af65716e9b9a",
        "version" : "5.9.1"
      }
    },
    {
      "identity" : "eventsource",
      "kind" : "remoteSourceControl",
      "location" : "https://github.com/inaka/EventSource.git",
      "state" : {
        "branch" : "master",
        "revision" : "78934b361891c7d0fa3d399d128e959f0c94d267"
      }
    },
    {
      "identity" : "lottie-spm",
      "kind" : "remoteSourceControl",
      "location" : "https://github.com/airbnb/lottie-spm.git",
      "state" : {
        "revision" : "1d29eccc24cc8b75bff9f6804155112c0ffc9605",
        "version" : "4.4.3"
      }
    },
    {
      "identity" : "toast-swift",
      "kind" : "remoteSourceControl",
      "location" : "https://github.com/scalessec/Toast-Swift.git",
      "state" : {
        "revision" : "ddccd20d6fb718448d9b179c454c561653fda7d5",
        "version" : "5.1.1"
      }
    }
  ],
  "version" : 3
}
